# This file is machine-generated by `gh actions-lock`.
# Do not edit by hand; run `gh actions-lock` to update.
# Docs: https://gh.io/actions-lockfile
version: 'v0.0.2'
workflows:
    '.github/workflows/CI.yml':
        - 'actions/checkout@3d3c42e5aac5ba805825da76410c181273ba90b1'
        - 'julia-actions/cache@9353db09a0f2bbbdec6f41791918c75d37391b36'
        - 'julia-actions/julia-buildpkg@e3eb439fad4f9aba7da2667e7510e4a46ebc46e1'
        - 'julia-actions/julia-processcoverage@03114f09f119417c3242a9fb6e0b722676aedf38'
        - 'julia-actions/julia-runtest@6e050c8013b833b1195105ff2fce9cd802f53271'
        - 'julia-actions/setup-julia@fa02766e078afaaf09b14210362cee14137e6a32'
    '.github/workflows/boj-build.yml':
        - 'actions/checkout@3d3c42e5aac5ba805825da76410c181273ba90b1'
    '.github/workflows/casket-pages.yml':
        - 'actions/cache@55cc8345863c7cc4c66a329aec7e433d2d1c52a9'
        - 'actions/checkout@3d3c42e5aac5ba805825da76410c181273ba90b1'
        - 'actions/configure-pages@45bfe0192ca1faeb007ade9deae92b16b8254a0d'
        - 'actions/deploy-pages@368f82528645a54fb793d4d04e342629a3f51346'
        - 'actions/upload-pages-artifact@fc324d3547104276b827a68afc52ff2a11cc49c9'
        - 'haskell-actions/setup@0f8e8c99d88aeb3fbfd523f1ef2c6f762d10d64d'
    '.github/workflows/codeql.yml':
        - 'actions/checkout@3d3c42e5aac5ba805825da76410c181273ba90b1'
        - 'github/codeql-action@2892aa5e19bbd11bc0cff5427e3b750a04d9e3c2'
    '.github/workflows/governance.yml':
        - 'hyperpolymath/standards@81dbf2dd854b1444fd6236fa2352474383b2c2b9'
    '.github/workflows/hypatia-scan.yml':
        - 'hyperpolymath/standards@81dbf2dd854b1444fd6236fa2352474383b2c2b9'
    '.github/workflows/instant-sync.yml':
        - 'peter-evans/repository-dispatch@28959ce8df70de7be546dd1250a005dd32156697'
    '.github/workflows/label-triage.yml': []
    '.github/workflows/labels.yml': []
    '.github/workflows/mirror.yml':
        - 'actions/checkout@3d3c42e5aac5ba805825da76410c181273ba90b1'
        - 'dtolnay/rust-toolchain@e2a55d2ffb04f378e9626c28d38b36d230d1e12f'
        - 'webfactory/ssh-agent@e83874834305fe9a4a2997156cb26c5de65a8555'
    '.github/workflows/push-email-notify.yml':
        - 'hyperpolymath/smtp-notify-action@c1c9fa07992a02c1fd3d67a0dc1b08cccb852aef'
    '.github/workflows/release.yml':
        - 'actions/attest-build-provenance@4d101475d8b20a2381f78447822ac1eab6504dd8'
        - 'actions/checkout@3d3c42e5aac5ba805825da76410c181273ba90b1'
        - 'actions/download-artifact@3e5f45b2cfb9172054b4087a40e8e0b5a5461e7c'
        - 'actions/upload-artifact@043fb46d1a93c77aae656e7c1c64a875d1fc6a0a'
        - 'julia-actions/cache@9353db09a0f2bbbdec6f41791918c75d37391b36'
        - 'julia-actions/setup-julia@fa02766e078afaaf09b14210362cee14137e6a32'
        - 'softprops/action-gh-release@efb35369e0ad2afab669f228072c1b0d510eae64'
    '.github/workflows/scorecard.yml':
        - 'hyperpolymath/standards@81dbf2dd854b1444fd6236fa2352474383b2c2b9'
    '.github/workflows/secret-scanner.yml':
        - 'hyperpolymath/standards@bd0df9ead7faf0cdfe0e13e7966d91e28d0101d4'
dependencies:
    'actions/attest-build-provenance@4d101475d8b20a2381f78447822ac1eab6504dd8':
        ref: '4d101475d8b20a2381f78447822ac1eab6504dd8'
        commit: 'sha1-4d101475d8b20a2381f78447822ac1eab6504dd8'
        owner_id: 44036562
        repo_id: 760702757
    'actions/cache@55cc8345863c7cc4c66a329aec7e433d2d1c52a9':
        ref: '55cc8345863c7cc4c66a329aec7e433d2d1c52a9'
        commit: 'sha1-55cc8345863c7cc4c66a329aec7e433d2d1c52a9'
        owner_id: 44036562
        repo_id: 215566462
    'actions/checkout@3d3c42e5aac5ba805825da76410c181273ba90b1':
        ref: '3d3c42e5aac5ba805825da76410c181273ba90b1'
        commit: 'sha1-3d3c42e5aac5ba805825da76410c181273ba90b1'
        owner_id: 44036562
        repo_id: 197814629
    'actions/configure-pages@45bfe0192ca1faeb007ade9deae92b16b8254a0d':
        ref: '45bfe0192ca1faeb007ade9deae92b16b8254a0d'
        commit: 'sha1-45bfe0192ca1faeb007ade9deae92b16b8254a0d'
        owner_id: 44036562
        repo_id: 513659658
    'actions/deploy-pages@368f82528645a54fb793d4d04e342629a3f51346':
        ref: '368f82528645a54fb793d4d04e342629a3f51346'
        commit: 'sha1-368f82528645a54fb793d4d04e342629a3f51346'
        owner_id: 44036562
        repo_id: 438112499
    'actions/download-artifact@3e5f45b2cfb9172054b4087a40e8e0b5a5461e7c':
        ref: '3e5f45b2cfb9172054b4087a40e8e0b5a5461e7c'
        commit: 'sha1-3e5f45b2cfb9172054b4087a40e8e0b5a5461e7c'
        owner_id: 44036562
        repo_id: 192626254
    'actions/upload-artifact@043fb46d1a93c77aae656e7c1c64a875d1fc6a0a':
        ref: '043fb46d1a93c77aae656e7c1c64a875d1fc6a0a'
        commit: 'sha1-043fb46d1a93c77aae656e7c1c64a875d1fc6a0a'
        owner_id: 44036562
        repo_id: 192625955
    'actions/upload-pages-artifact@fc324d3547104276b827a68afc52ff2a11cc49c9':
        ref: 'fc324d3547104276b827a68afc52ff2a11cc49c9'
        commit: 'sha1-fc324d3547104276b827a68afc52ff2a11cc49c9'
        owner_id: 44036562
        repo_id: 496012378
    'dtolnay/rust-toolchain@e2a55d2ffb04f378e9626c28d38b36d230d1e12f':
        ref: 'e2a55d2ffb04f378e9626c28d38b36d230d1e12f'
        commit: 'sha1-e2a55d2ffb04f378e9626c28d38b36d230d1e12f'
        owner_id: 1940490
        repo_id: 260749683
    'github/codeql-action@2892aa5e19bbd11bc0cff5427e3b750a04d9e3c2':
        ref: '2892aa5e19bbd11bc0cff5427e3b750a04d9e3c2'
        commit: 'sha1-2892aa5e19bbd11bc0cff5427e3b750a04d9e3c2'
        owner_id: 9919
        repo_id: 259445878
    'haskell-actions/setup@0f8e8c99d88aeb3fbfd523f1ef2c6f762d10d64d':
        ref: '0f8e8c99d88aeb3fbfd523f1ef2c6f762d10d64d'
        commit: 'sha1-0f8e8c99d88aeb3fbfd523f1ef2c6f762d10d64d'
        owner_id: 75048950
        repo_id: 623796603
    'hyperpolymath/smtp-notify-action@c1c9fa07992a02c1fd3d67a0dc1b08cccb852aef':
        ref: 'c1c9fa07992a02c1fd3d67a0dc1b08cccb852aef'
        commit: 'sha1-c1c9fa07992a02c1fd3d67a0dc1b08cccb852aef'
        owner_id: 6759885
        repo_id: 1352485172
    'hyperpolymath/standards@81dbf2dd854b1444fd6236fa2352474383b2c2b9':
        ref: '81dbf2dd854b1444fd6236fa2352474383b2c2b9'
        commit: 'sha1-81dbf2dd854b1444fd6236fa2352474383b2c2b9'
        owner_id: 6759885
        repo_id: 1116521501
    'hyperpolymath/standards@bd0df9ead7faf0cdfe0e13e7966d91e28d0101d4':
        ref: 'bd0df9ead7faf0cdfe0e13e7966d91e28d0101d4'
        commit: 'sha1-bd0df9ead7faf0cdfe0e13e7966d91e28d0101d4'
        owner_id: 6759885
        repo_id: 1116521501
    'julia-actions/cache@9353db09a0f2bbbdec6f41791918c75d37391b36':
        ref: '9353db09a0f2bbbdec6f41791918c75d37391b36'
        commit: 'sha1-9353db09a0f2bbbdec6f41791918c75d37391b36'
        owner_id: 53965732
        repo_id: 441908600
    'julia-actions/julia-buildpkg@e3eb439fad4f9aba7da2667e7510e4a46ebc46e1':
        ref: 'e3eb439fad4f9aba7da2667e7510e4a46ebc46e1'
        commit: 'sha1-e3eb439fad4f9aba7da2667e7510e4a46ebc46e1'
        owner_id: 53965732
        repo_id: 210451482
    'julia-actions/julia-processcoverage@03114f09f119417c3242a9fb6e0b722676aedf38':
        ref: '03114f09f119417c3242a9fb6e0b722676aedf38'
        commit: 'sha1-03114f09f119417c3242a9fb6e0b722676aedf38'
        owner_id: 53965732
        repo_id: 249500631
    'julia-actions/julia-runtest@6e050c8013b833b1195105ff2fce9cd802f53271':
        ref: '6e050c8013b833b1195105ff2fce9cd802f53271'
        commit: 'sha1-6e050c8013b833b1195105ff2fce9cd802f53271'
        owner_id: 53965732
        repo_id: 208538601
    'julia-actions/setup-julia@fa02766e078afaaf09b14210362cee14137e6a32':
        ref: 'fa02766e078afaaf09b14210362cee14137e6a32'
        commit: 'sha1-fa02766e078afaaf09b14210362cee14137e6a32'
        owner_id: 53965732
        repo_id: 202020219
    'peter-evans/repository-dispatch@28959ce8df70de7be546dd1250a005dd32156697':
        ref: '28959ce8df70de7be546dd1250a005dd32156697'
        commit: 'sha1-28959ce8df70de7be546dd1250a005dd32156697'
        owner_id: 18365890
        repo_id: 220359305
    'softprops/action-gh-release@efb35369e0ad2afab669f228072c1b0d510eae64':
        ref: 'efb35369e0ad2afab669f228072c1b0d510eae64'
        commit: 'sha1-efb35369e0ad2afab669f228072c1b0d510eae64'
        owner_id: 2242
        repo_id: 204253808
    'webfactory/ssh-agent@e83874834305fe9a4a2997156cb26c5de65a8555':
        ref: 'e83874834305fe9a4a2997156cb26c5de65a8555'
        commit: 'sha1-e83874834305fe9a4a2997156cb26c5de65a8555'
        owner_id: 135788
        repo_id: 208510314
